
Microsoft Visual Studio Solution File, Format Version 11.00
# Visual Studio 2010
Project("{FAE04EC0-301F-11D3-BF4B-00C04F79EFBC}") = "Assembly-CSharp", "Assembly-CSharp.csproj", "{fc7fd6eb-8152-15f8-d530-6060d917a7e2}"
EndProject
Project("{FAE04EC0-301F-11D3-BF4B-00C04F79EFBC}") = "RenderRasterization", "RenderRasterization.csproj", "{d981eb3d-9d34-38bf-1319-d14263959fb8}"
EndProject
Project("{FAE04EC0-301F-11D3-BF4B-00C04F79EFBC}") = "Raytracing.Tests", "Raytracing.Tests.csproj", "{b2f0e533-bdd3-ad03-beab-14eaa37919d6}"
EndProject
Project("{FAE04EC0-301F-11D3-BF4B-00C04F79EFBC}") = "Tests", "Tests.csproj", "{1e603788-49a3-a005-ca53-b83bb0e5984c}"
EndProject
Project("{FAE04EC0-301F-11D3-BF4B-00C04F79EFBC}") = "Assembly-CSharp-Editor", "Assembly-CSharp-Editor.csproj", "{a4a4fd9c-ca6f-4014-44ab-689e53926611}"
EndProject
Global
	GlobalSection(SolutionConfigurationPlatforms) = preSolution
		Debug|Any CPU = Debug|Any CPU
	EndGlobalSection
	GlobalSection(ProjectConfigurationPlatforms) = postSolution
		{fc7fd6eb-8152-15f8-d530-6060d917a7e2}.Debug|Any CPU.ActiveCfg = Debug|Any CPU
		{fc7fd6eb-8152-15f8-d530-6060d917a7e2}.Debug|Any CPU.Build.0 = Debug|Any CPU
		{d981eb3d-9d34-38bf-1319-d14263959fb8}.Debug|Any CPU.ActiveCfg = Debug|Any CPU
		{d981eb3d-9d34-38bf-1319-d14263959fb8}.Debug|Any CPU.Build.0 = Debug|Any CPU
		{b2f0e533-bdd3-ad03-beab-14eaa37919d6}.Debug|Any CPU.ActiveCfg = Debug|Any CPU
		{b2f0e533-bdd3-ad03-beab-14eaa37919d6}.Debug|Any CPU.Build.0 = Debug|Any CPU
		{1e603788-49a3-a005-ca53-b83bb0e5984c}.Debug|Any CPU.ActiveCfg = Debug|Any CPU
		{1e603788-49a3-a005-ca53-b83bb0e5984c}.Debug|Any CPU.Build.0 = Debug|Any CPU
		{a4a4fd9c-ca6f-4014-44ab-689e53926611}.Debug|Any CPU.ActiveCfg = Debug|Any CPU
		{a4a4fd9c-ca6f-4014-44ab-689e53926611}.Debug|Any CPU.Build.0 = Debug|Any CPU
	EndGlobalSection
	GlobalSection(SolutionProperties) = preSolution
		HideSolutionNode = FALSE
	EndGlobalSection
EndGlobal
